
Microsoft Visual Studio Solution File, Format Version 12.00
# Visual Studio Version 17
VisualStudioVersion = 17.0.32014.148
MinimumVisualStudioVersion = 10.0.40219.1
Project("{9A19103F-16F7-4668-BE54-9A1E7A4F7556}") = "Task 2", "Task 2\Task 2.csproj", "{F3E5DD5C-0FA2-4E84-9AA1-0F9825F88125}"
EndProject
Project("{9A19103F-16F7-4668-BE54-9A1E7A4F7556}") = "Task 3", "Task 3\Task 3.csproj", "{F6FF920E-812A-4B4E-841F-D4B3E98F214A}"
EndProject
Project("{9A19103F-16F7-4668-BE54-9A1E7A4F7556}") = "Task 4", "Task 4\Task 4.csproj", "{6992E859-4A53-4048-A513-1E43AB82CE93}"
EndProject
Project("{9A19103F-16F7-4668-BE54-9A1E7A4F7556}") = "Task", "Task\Task.csproj", "{68FF97D1-DB05-4B60-977A-214266CF2663}"
EndProject
Project("{9A19103F-16F7-4668-BE54-9A1E7A4F7556}") = "Task 5", "Task 5\Task 5.csproj", "{95F11AF5-02DF-4AC7-BC11-C9D2757FC659}"
EndProject
Project("{9A19103F-16F7-4668-BE54-9A1E7A4F7556}") = "Task 6", "Task 6\Task 6.csproj", "{2FEDE16E-9B32-4D2F-B8CD-0DDDEEE0751D}"
EndProject
Project("{9A19103F-16F7-4668-BE54-9A1E7A4F7556}") = "Task 7", "Task 7\Task 7.csproj", "{9FB5A653-CEF9-4DA7-9AB8-573494D3A5F7}"
EndProject
Project("{9A19103F-16F7-4668-BE54-9A1E7A4F7556}") = "Task 8", "Task 8\Task 8.csproj", "{CEA5F6DC-9571-45AD-976B-A35FDA71F964}"
EndProject
Project("{9A19103F-16F7-4668-BE54-9A1E7A4F7556}") = "Task 9", "Task 9\Task 9.csproj", "{41D65519-91B3-4E10-BEFF-D11E82146E77}"
EndProject
Project("{9A19103F-16F7-4668-BE54-9A1E7A4F7556}") = "Task 10", "Task 10\Task 10.csproj", "{ADD4E0BA-9787-495B-9B81-BF538291C06C}"
EndProject
Project("{FAE04EC0-301F-11D3-BF4B-00C04F79EFBC}") = "Task 11", "Task 11\Task 11.csproj", "{39467775-D5CB-4CE6-AF56-1BC076C30646}"
EndProject
Project("{FAE04EC0-301F-11D3-BF4B-00C04F79EFBC}") = "Task 12", "Task 12\Task 12.csproj", "{CA6DB72E-D6F2-40BA-9027-9CB39DF2A8A4}"
EndProject
Project("{FAE04EC0-301F-11D3-BF4B-00C04F79EFBC}") = "Task 13", "Task 13\Task 13.csproj", "{7667C76D-BD04-4DE6-8508-95A30C086FDA}"
EndProject
Project("{FAE04EC0-301F-11D3-BF4B-00C04F79EFBC}") = "Task 14", "Task 14\Task 14.csproj", "{F6F477BC-B5CB-4306-AD5A-B8898A102694}"
EndProject
Project("{FAE04EC0-301F-11D3-BF4B-00C04F79EFBC}") = "Task 15 Boss Fight", "Task 15 Boss Fight\Task 15 Boss Fight.csproj", "{EF642003-A3E3-4730-8BCE-BB93B81B9564}"
EndProject
Global
	GlobalSection(SolutionConfigurationPlatforms) = preSolution
		Debug|Any CPU = Debug|Any CPU
		Release|Any CPU = Release|Any CPU
	EndGlobalSection
	GlobalSection(ProjectConfigurationPlatforms) = postSolution
		{F3E5DD5C-0FA2-4E84-9AA1-0F9825F88125}.Debug|Any CPU.ActiveCfg = Debug|Any CPU
		{F3E5DD5C-0FA2-4E84-9AA1-0F9825F88125}.Debug|Any CPU.Build.0 = Debug|Any CPU
		{F3E5DD5C-0FA2-4E84-9AA1-0F9825F88125}.Release|Any CPU.ActiveCfg = Release|Any CPU
		{F3E5DD5C-0FA2-4E84-9AA1-0F9825F88125}.Release|Any CPU.Build.0 = Release|Any CPU
		{F6FF920E-812A-4B4E-841F-D4B3E98F214A}.Debug|Any CPU.ActiveCfg = Debug|Any CPU
		{F6FF920E-812A-4B4E-841F-D4B3E98F214A}.Debug|Any CPU.Build.0 = Debug|Any CPU
		{F6FF920E-812A-4B4E-841F-D4B3E98F214A}.Release|Any CPU.ActiveCfg = Release|Any CPU
		{F6FF920E-812A-4B4E-841F-D4B3E98F214A}.Release|Any CPU.Build.0 = Release|Any CPU
		{6992E859-4A53-4048-A513-1E43AB82CE93}.Debug|Any CPU.ActiveCfg = Debug|Any CPU
		{6992E859-4A53-4048-A513-1E43AB82CE93}.Debug|Any CPU.Build.0 = Debug|Any CPU
		{6992E859-4A53-4048-A513-1E43AB82CE93}.Release|Any CPU.ActiveCfg = Release|Any CPU
		{6992E859-4A53-4048-A513-1E43AB82CE93}.Release|Any CPU.Build.0 = Release|Any CPU
		{68FF97D1-DB05-4B60-977A-214266CF2663}.Debug|Any CPU.ActiveCfg = Debug|Any CPU
		{68FF97D1-DB05-4B60-977A-214266CF2663}.Debug|Any CPU.Build.0 = Debug|Any CPU
		{68FF97D1-DB05-4B60-977A-214266CF2663}.Release|Any CPU.ActiveCfg = Release|Any CPU
		{68FF97D1-DB05-4B60-977A-214266CF2663}.Release|Any CPU.Build.0 = Release|Any CPU
		{95F11AF5-02DF-4AC7-BC11-C9D2757FC659}.Debug|Any CPU.ActiveCfg = Debug|Any CPU
		{95F11AF5-02DF-4AC7-BC11-C9D2757FC659}.Debug|Any CPU.Build.0 = Debug|Any CPU
		{95F11AF5-02DF-4AC7-BC11-C9D2757FC659}.Release|Any CPU.ActiveCfg = Release|Any CPU
		{95F11AF5-02DF-4AC7-BC11-C9D2757FC659}.Release|Any CPU.Build.0 = Release|Any CPU
		{2FEDE16E-9B32-4D2F-B8CD-0DDDEEE0751D}.Debug|Any CPU.ActiveCfg = Debug|Any CPU
		{2FEDE16E-9B32-4D2F-B8CD-0DDDEEE0751D}.Debug|Any CPU.Build.0 = Debug|Any CPU
		{2FEDE16E-9B32-4D2F-B8CD-0DDDEEE0751D}.Release|Any CPU.ActiveCfg = Release|Any CPU
		{2FEDE16E-9B32-4D2F-B8CD-0DDDEEE0751D}.Release|Any CPU.Build.0 = Release|Any CPU
		{9FB5A653-CEF9-4DA7-9AB8-573494D3A5F7}.Debug|Any CPU.ActiveCfg = Debug|Any CPU
		{9FB5A653-CEF9-4DA7-9AB8-573494D3A5F7}.Debug|Any CPU.Build.0 = Debug|Any CPU
		{9FB5A653-CEF9-4DA7-9AB8-573494D3A5F7}.Release|Any CPU.ActiveCfg = Release|Any CPU
		{9FB5A653-CEF9-4DA7-9AB8-573494D3A5F7}.Release|Any CPU.Build.0 = Release|Any CPU
		{CEA5F6DC-9571-45AD-976B-A35FDA71F964}.Debug|Any CPU.ActiveCfg = Debug|Any CPU
		{CEA5F6DC-9571-45AD-976B-A35FDA71F964}.Debug|Any CPU.Build.0 = Debug|Any CPU
		{CEA5F6DC-9571-45AD-976B-A35FDA71F964}.Release|Any CPU.ActiveCfg = Release|Any CPU
		{CEA5F6DC-9571-45AD-976B-A35FDA71F964}.Release|Any CPU.Build.0 = Release|Any CPU
		{41D65519-91B3-4E10-BEFF-D11E82146E77}.Debug|Any CPU.ActiveCfg = Debug|Any CPU
		{41D65519-91B3-4E10-BEFF-D11E82146E77}.Debug|Any CPU.Build.0 = Debug|Any CPU
		{41D65519-91B3-4E10-BEFF-D11E82146E77}.Release|Any CPU.ActiveCfg = Release|Any CPU
		{41D65519-91B3-4E10-BEFF-D11E82146E77}.Release|Any CPU.Build.0 = Release|Any CPU
		{ADD4E0BA-9787-495B-9B81-BF538291C06C}.Debug|Any CPU.ActiveCfg = Debug|Any CPU
		{ADD4E0BA-9787-495B-9B81-BF538291C06C}.Debug|Any CPU.Build.0 = Debug|Any CPU
		{ADD4E0BA-9787-495B-9B81-BF538291C06C}.Release|Any CPU.ActiveCfg = Release|Any CPU
		{ADD4E0BA-9787-495B-9B81-BF538291C06C}.Release|Any CPU.Build.0 = Release|Any CPU
		{39467775-D5CB-4CE6-AF56-1BC076C30646}.Debug|Any CPU.ActiveCfg = Debug|Any CPU
		{39467775-D5CB-4CE6-AF56-1BC076C30646}.Debug|Any CPU.Build.0 = Debug|Any CPU
		{39467775-D5CB-4CE6-AF56-1BC076C30646}.Release|Any CPU.ActiveCfg = Release|Any CPU
		{39467775-D5CB-4CE6-AF56-1BC076C30646}.Release|Any CPU.Build.0 = Release|Any CPU
		{CA6DB72E-D6F2-40BA-9027-9CB39DF2A8A4}.Debug|Any CPU.ActiveCfg = Debug|Any CPU
		{CA6DB72E-D6F2-40BA-9027-9CB39DF2A8A4}.Debug|Any CPU.Build.0 = Debug|Any CPU
		{CA6DB72E-D6F2-40BA-9027-9CB39DF2A8A4}.Release|Any CPU.ActiveCfg = Release|Any CPU
		{CA6DB72E-D6F2-40BA-9027-9CB39DF2A8A4}.Release|Any CPU.Build.0 = Release|Any CPU
		{7667C76D-BD04-4DE6-8508-95A30C086FDA}.Debug|Any CPU.ActiveCfg = Debug|Any CPU
		{7667C76D-BD04-4DE6-8508-95A30C086FDA}.Debug|Any CPU.Build.0 = Debug|Any CPU
		{7667C76D-BD04-4DE6-8508-95A30C086FDA}.Release|Any CPU.ActiveCfg = Release|Any CPU
		{7667C76D-BD04-4DE6-8508-95A30C086FDA}.Release|Any CPU.Build.0 = Release|Any CPU
		{F6F477BC-B5CB-4306-AD5A-B8898A102694}.Debug|Any CPU.ActiveCfg = Debug|Any CPU
		{F6F477BC-B5CB-4306-AD5A-B8898A102694}.Debug|Any CPU.Build.0 = Debug|Any CPU
		{F6F477BC-B5CB-4306-AD5A-B8898A102694}.Release|Any CPU.ActiveCfg = Release|Any CPU
		{F6F477BC-B5CB-4306-AD5A-B8898A102694}.Release|Any CPU.Build.0 = Release|Any CPU
		{EF642003-A3E3-4730-8BCE-BB93B81B9564}.Debug|Any CPU.ActiveCfg = Debug|Any CPU
		{EF642003-A3E3-4730-8BCE-BB93B81B9564}.Debug|Any CPU.Build.0 = Debug|Any CPU
		{EF642003-A3E3-4730-8BCE-BB93B81B9564}.Release|Any CPU.ActiveCfg = Release|Any CPU
		{EF642003-A3E3-4730-8BCE-BB93B81B9564}.Release|Any CPU.Build.0 = Release|Any CPU
	EndGlobalSection
	GlobalSection(SolutionProperties) = preSolution
		HideSolutionNode = FALSE
	EndGlobalSection
	GlobalSection(ExtensibilityGlobals) = postSolution
		SolutionGuid = {C32C6C33-9741-49C9-88DC-32C8C33AC347}
	EndGlobalSection
EndGlobal
